
Microsoft Visual Studio Solution File, Format Version 11.00
# Visual Studio 2010
Project("{FAE04EC0-301F-11D3-BF4B-00C04F79EFBC}") = "Hello_Word_MVC", "Hello_Word_MVC\Hello_Word_MVC.csproj", "{D331016C-73F1-47C9-B136-175E6E851AE7}"
EndProject
Project("{FAE04EC0-301F-11D3-BF4B-00C04F79EFBC}") = "Hello_Word_MVC.Tests", "Hello_Word_MVC.Tests\Hello_Word_MVC.Tests.csproj", "{3C0EB09E-7716-4CAD-9A8A-2DAE3E23977F}"
EndProject
Global
	GlobalSection(SolutionConfigurationPlatforms) = preSolution
		Debug|Any CPU = Debug|Any CPU
		Release|Any CPU = Release|Any CPU
	EndGlobalSection
	GlobalSection(ProjectConfigurationPlatforms) = postSolution
		{3C0EB09E-7716-4CAD-9A8A-2DAE3E23977F}.Debug|Any CPU.ActiveCfg = Debug|Any CPU
		{3C0EB09E-7716-4CAD-9A8A-2DAE3E23977F}.Debug|Any CPU.Build.0 = Debug|Any CPU
		{3C0EB09E-7716-4CAD-9A8A-2DAE3E23977F}.Release|Any CPU.ActiveCfg = Release|Any CPU
		{3C0EB09E-7716-4CAD-9A8A-2DAE3E23977F}.Release|Any CPU.Build.0 = Release|Any CPU
		{D331016C-73F1-47C9-B136-175E6E851AE7}.Debug|Any CPU.ActiveCfg = Debug|Any CPU
		{D331016C-73F1-47C9-B136-175E6E851AE7}.Debug|Any CPU.Build.0 = Debug|Any CPU
		{D331016C-73F1-47C9-B136-175E6E851AE7}.Release|Any CPU.ActiveCfg = Release|Any CPU
		{D331016C-73F1-47C9-B136-175E6E851AE7}.Release|Any CPU.Build.0 = Release|Any CPU
	EndGlobalSection
	GlobalSection(MonoDevelopProperties) = preSolution
		StartupItem = Hello_Word_MVC\Hello_Word_MVC.csproj
	EndGlobalSection
EndGlobal
